// !$*UTF8*$!
{
	archiveVersion = 1;
	classes = {
	};
	objectVersion = 50;
	objects = {

/* Begin PBXBuildFile section */
		CB0634D525ACC3C700E49F82 /* booksView.swift in Sources */ = {isa = PBXBuildFile; fileRef = CB0634D425ACC3C700E49F82 /* booksView.swift */; };
		CB0634DA25ACC45300E49F82 /* ThingDetailView.swift in Sources */ = {isa = PBXBuildFile; fileRef = CB0634D925ACC45300E49F82 /* ThingDetailView.swift */; };
		CB0634DF25ACC71500E49F82 /* ContentViewReal.swift in Sources */ = {isa = PBXBuildFile; fileRef = CB0634DE25ACC71500E49F82 /* ContentViewReal.swift */; };
		CB0634EA25ACDEA600E49F82 /* Thing.swift in Sources */ = {isa = PBXBuildFile; fileRef = CB0634E925ACDEA600E49F82 /* Thing.swift */; };
		CB0634F225ACE06300E49F82 /* Things.swift in Sources */ = {isa = PBXBuildFile; fileRef = CB0634F125ACE06300E49F82 /* Things.swift */; };
		CB50E7A925A8EA480022DB99 /* FavoriteThingsSwiftUI2App.swift in Sources */ = {isa = PBXBuildFile; fileRef = CB50E7A825A8EA480022DB99 /* FavoriteThingsSwiftUI2App.swift */; };
		CB50E7AB25A8EA490022DB99 /* ContentView.swift in Sources */ = {isa = PBXBuildFile; fileRef = CB50E7AA25A8EA490022DB99 /* ContentView.swift */; };
		CB50E7AD25A8EA4D0022DB99 /* Assets.xcassets in Resources */ = {isa = PBXBuildFile; fileRef = CB50E7AC25A8EA4D0022DB99 /* Assets.xcassets */; };
		CB50E7B025A8EA4D0022DB99 /* Preview Assets.xcassets in Resources */ = {isa = PBXBuildFile; fileRef = CB50E7AF25A8EA4D0022DB99 /* Preview Assets.xcassets */; };
		CB50E7BB25A8EA4E0022DB99 /* FavoriteThingsSwiftUI2Tests.swift in Sources */ = {isa = PBXBuildFile; fileRef = CB50E7BA25A8EA4E0022DB99 /* FavoriteThingsSwiftUI2Tests.swift */; };
		CB50E7C625A8EA4E0022DB99 /* FavoriteThingsSwiftUI2UITests.swift in Sources */ = {isa = PBXBuildFile; fileRef = CB50E7C525A8EA4E0022DB99 /* FavoriteThingsSwiftUI2UITests.swift */; };
/* End PBXBuildFile section */

/* Begin PBXContainerItemProxy section */
		CB50E7B725A8EA4E0022DB99 /* PBXContainerItemProxy */ = {
			isa = PBXContainerItemProxy;
			containerPortal = CB50E79D25A8EA480022DB99 /* Project object */;
			proxyType = 1;
			remoteGlobalIDString = CB50E7A425A8EA480022DB99;
			remoteInfo = FavoriteThingsSwiftUI2;
		};
		CB50E7C225A8EA4E0022DB99 /* PBXContainerItemProxy */ = {
			isa = PBXContainerItemProxy;
			containerPortal = CB50E79D25A8EA480022DB99 /* Project object */;
			proxyType = 1;
			remoteGlobalIDString = CB50E7A425A8EA480022DB99;
			remoteInfo = FavoriteThingsSwiftUI2;
		};
/* End PBXContainerItemProxy section */

/* Begin PBXFileReference section */
		CB0634D425ACC3C700E49F82 /* booksView.swift */ = {isa = PBXFileReference; lastKnownFileType = sourcecode.swift; path = booksView.swift; sourceTree = "<group>"; };
		CB0634D925ACC45300E49F82 /* ThingDetailView.swift */ = {isa = PBXFileReference; lastKnownFileType = sourcecode.swift; path = ThingDetailView.swift; sourceTree = "<group>"; };
		CB0634DE25ACC71500E49F82 /* ContentViewReal.swift */ = {isa = PBXFileReference; lastKnownFileType = sourcecode.swift; path = ContentViewReal.swift; sourceTree = "<group>"; };
		CB0634E925ACDEA600E49F82 /* Thing.swift */ = {isa = PBXFileReference; lastKnownFileType = sourcecode.swift; path = Thing.swift; sourceTree = "<group>"; };
		CB0634F125ACE06300E49F82 /* Things.swift */ = {isa = PBXFileReference; lastKnownFileType = sourcecode.swift; path = Things.swift; sourceTree = "<group>"; };
		CB50E7A525A8EA480022DB99 /* FavoriteThingsSwiftUI2.app */ = {isa = PBXFileReference; explicitFileType = wrapper.application; includeInIndex = 0; path = FavoriteThingsSwiftUI2.app; sourceTree = BUILT_PRODUCTS_DIR; };
		CB50E7A825A8EA480022DB99 /* FavoriteThingsSwiftUI2App.swift */ = {isa = PBXFileReference; lastKnownFileType = sourcecode.swift; path = FavoriteThingsSwiftUI2App.swift; sourceTree = "<group>"; };
		CB50E7AA25A8EA490022DB99 /* ContentView.swift */ = {isa = PBXFileReference; lastKnownFileType = sourcecode.swift; path = ContentView.swift; sourceTree = "<group>"; };
		CB50E7AC25A8EA4D0022DB99 /* Assets.xcassets */ = {isa = PBXFileReference; lastKnownFileType = folder.assetcatalog; path = Assets.xcassets; sourceTree = "<group>"; };
		CB50E7AF25A8EA4D0022DB99 /* Preview Assets.xcassets */ = {isa = PBXFileReference; lastKnownFileType = folder.assetcatalog; path = "Preview Assets.xcassets"; sourceTree = "<group>"; };
		CB50E7B125A8EA4D0022DB99 /* Info.plist */ = {isa = PBXFileReference; lastKnownFileType = text.plist.xml; path = Info.plist; sourceTree = "<group>"; };
		CB50E7B625A8EA4E0022DB99 /* FavoriteThingsSwiftUI2Tests.xctest */ = {isa = PBXFileReference; explicitFileType = wrapper.cfbundle; includeInIndex = 0; path = FavoriteThingsSwiftUI2Tests.xctest; sourceTree = BUILT_PRODUCTS_DIR; };
		CB50E7BA25A8EA4E0022DB99 /* FavoriteThingsSwiftUI2Tests.swift */ = {isa = PBXFileReference; lastKnownFileType = sourcecode.swift; path = FavoriteThingsSwiftUI2Tests.swift; sourceTree = "<group>"; };
		CB50E7BC25A8EA4E0022DB99 /* Info.plist */ = {isa = PBXFileReference; lastKnownFileType = text.plist.xml; path = Info.plist; sourceTree = "<group>"; };
		CB50E7C125A8EA4E0022DB99 /* FavoriteThingsSwiftUI2UITests.xctest */ = {isa = PBXFileReference; explicitFileType = wrapper.cfbundle; includeInIndex = 0; path = FavoriteThingsSwiftUI2UITests.xctest; sourceTree = BUILT_PRODUCTS_DIR; };
		CB50E7C525A8EA4E0022DB99 /* FavoriteThingsSwiftUI2UITests.swift */ = {isa = PBXFileReference; lastKnownFileType = sourcecode.swift; path = FavoriteThingsSwiftUI2UITests.swift; sourceTree = "<group>"; };
		CB50E7C725A8EA4E0022DB99 /* Info.plist */ = {isa = PBXFileReference; lastKnownFileType = text.plist.xml; path = Info.plist; sourceTree = "<group>"; };
/* End PBXFileReference section */

/* Begin PBXFrameworksBuildPhase section */
		CB50E7A225A8EA480022DB99 /* Frameworks */ = {
			isa = PBXFrameworksBuildPhase;
			buildActionMask = 2147483647;
			files = (
			);
			runOnlyForDeploymentPostprocessing = 0;
		};
		CB50E7B325A8EA4E0022DB99 /* Frameworks */ = {
			isa = PBXFrameworksBuildPhase;
			buildActionMask = 2147483647;
			files = (
			);
			runOnlyForDeploymentPostprocessing = 0;
		};
		CB50E7BE25A8EA4E0022DB99 /* Frameworks */ = {
			isa = PBXFrameworksBuildPhase;
			buildActionMask = 2147483647;
			files = (
			);
			runOnlyForDeploymentPostprocessing = 0;
		};
/* End PBXFrameworksBuildPhase section */

/* Begin PBXGroup section */
		CB50E79C25A8EA480022DB99 = {
			isa = PBXGroup;
			children = (
				CB50E7A725A8EA480022DB99 /* FavoriteThingsSwiftUI2 */,
				CB50E7B925A8EA4E0022DB99 /* FavoriteThingsSwiftUI2Tests */,
				CB50E7C425A8EA4E0022DB99 /* FavoriteThingsSwiftUI2UITests */,
				CB50E7A625A8EA480022DB99 /* Products */,
			);
			sourceTree = "<group>";
		};
		CB50E7A625A8EA480022DB99 /* Products */ = {
			isa = PBXGroup;
			children = (
				CB50E7A525A8EA480022DB99 /* FavoriteThingsSwiftUI2.app */,
				CB50E7B625A8EA4E0022DB99 /* FavoriteThingsSwiftUI2Tests.xctest */,
				CB50E7C125A8EA4E0022DB99 /* FavoriteThingsSwiftUI2UITests.xctest */,
			);
			name = Products;
			sourceTree = "<group>";
		};
		CB50E7A725A8EA480022DB99 /* FavoriteThingsSwiftUI2 */ = {
			isa = PBXGroup;
			children = (
				CB50E7A825A8EA480022DB99 /* FavoriteThingsSwiftUI2App.swift */,
				CB0634DE25ACC71500E49F82 /* ContentViewReal.swift */,
				CB50E7AC25A8EA4D0022DB99 /* Assets.xcassets */,
				CB50E7B125A8EA4D0022DB99 /* Info.plist */,
				CB0634D925ACC45300E49F82 /* ThingDetailView.swift */,
				CB0634D425ACC3C700E49F82 /* booksView.swift */,
				CB50E7AA25A8EA490022DB99 /* ContentView.swift */,
				CB50E7AE25A8EA4D0022DB99 /* Preview Content */,
				CB0634E925ACDEA600E49F82 /* Thing.swift */,
				CB0634F125ACE06300E49F82 /* Things.swift */,
			);
			path = FavoriteThingsSwiftUI2;
			sourceTree = "<group>";
		};
		CB50E7AE25A8EA4D0022DB99 /* Preview Content */ = {
			isa = PBXGroup;
			children = (
				CB50E7AF25A8EA4D0022DB99 /* Preview Assets.xcassets */,
			);
			path = "Preview Content";
			sourceTree = "<group>";
		};
		CB50E7B925A8EA4E0022DB99 /* FavoriteThingsSwiftUI2Tests */ = {
			isa = PBXGroup;
			children = (
				CB50E7BA25A8EA4E0022DB99 /* FavoriteThingsSwiftUI2Tests.swift */,
				CB50E7BC25A8EA4E0022DB99 /* Info.plist */,
			);
			path = FavoriteThingsSwiftUI2Tests;
			sourceTree = "<group>";
		};
		CB50E7C425A8EA4E0022DB99 /* FavoriteThingsSwiftUI2UITests */ = {
			isa = PBXGroup;
			children = (
				CB50E7C525A8EA4E0022DB99 /* FavoriteThingsSwiftUI2UITests.swift */,
				CB50E7C725A8EA4E0022DB99 /* Info.plist */,
			);
			path = FavoriteThingsSwiftUI2UITests;
			sourceTree = "<group>";
		};
/* End PBXGroup section */

/* Begin PBXNativeTarget section */
		CB50E7A425A8EA480022DB99 /* FavoriteThingsSwiftUI2 */ = {
			isa = PBXNativeTarget;
			buildConfigurationList = CB50E7CA25A8EA4E0022DB99 /* Build configuration list for PBXNativeTarget "FavoriteThingsSwiftUI2" */;
			buildPhases = (
				CB50E7A125A8EA480022DB99 /* Sources */,
				CB50E7A225A8EA480022DB99 /* Frameworks */,
				CB50E7A325A8EA480022DB99 /* Resources */,
			);
			buildRules = (
			);
			dependencies = (
			);
			name = FavoriteThingsSwiftUI2;
			productName = FavoriteThingsSwiftUI2;
			productReference = CB50E7A525A8EA480022DB99 /* FavoriteThingsSwiftUI2.app */;
			productType = "com.apple.product-type.application";
		};
		CB50E7B525A8EA4E0022DB99 /* FavoriteThingsSwiftUI2Tests */ = {
			isa = PBXNativeTarget;
			buildConfigurationList = CB50E7CD25A8EA4E0022DB99 /* Build configuration list for PBXNativeTarget "FavoriteThingsSwiftUI2Tests" */;
			buildPhases = (
				CB50E7B225A8EA4E0022DB99 /* Sources */,
				CB50E7B325A8EA4E0022DB99 /* Frameworks */,
				CB50E7B425A8EA4E0022DB99 /* Resources */,
			);
			buildRules = (
			);
			dependencies = (
				CB50E7B825A8EA4E0022DB99 /* PBXTargetDependency */,
			);
			name = FavoriteThingsSwiftUI2Tests;
			productName = FavoriteThingsSwiftUI2Tests;
			productReference = CB50E7B625A8EA4E0022DB99 /* FavoriteThingsSwiftUI2Tests.xctest */;
			productType = "com.apple.product-type.bundle.unit-test";
		};
		CB50E7C025A8EA4E0022DB99 /* FavoriteThingsSwiftUI2UITests */ = {
			isa = PBXNativeTarget;
			buildConfigurationList = CB50E7D025A8EA4E0022DB99 /* Build configuration list for PBXNativeTarget "FavoriteThingsSwiftUI2UITests" */;
			buildPhases = (
				CB50E7BD25A8EA4E0022DB99 /* Sources */,
				CB50E7BE25A8EA4E0022DB99 /* Frameworks */,
				CB50E7BF25A8EA4E0022DB99 /* Resources */,
			);
			buildRules = (
			);
			dependencies = (
				CB50E7C325A8EA4E0022DB99 /* PBXTargetDependency */,
			);
			name = FavoriteThingsSwiftUI2UITests;
			productName = FavoriteThingsSwiftUI2UITests;
			productReference = CB50E7C125A8EA4E0022DB99 /* FavoriteThingsSwiftUI2UITests.xctest */;
			productType = "com.apple.product-type.bundle.ui-testing";
		};
/* End PBXNativeTarget section */

/* Begin PBXProject section */
		CB50E79D25A8EA480022DB99 /* Project object */ = {
			isa = PBXProject;
			attributes = {
				LastSwiftUpdateCheck = 1230;
				LastUpgradeCheck = 1230;
				TargetAttributes = {
					CB50E7A425A8EA480022DB99 = {
						CreatedOnToolsVersion = 12.3;
					};
					CB50E7B525A8EA4E0022DB99 = {
						CreatedOnToolsVersion = 12.3;
						TestTargetID = CB50E7A425A8EA480022DB99;
					};
					CB50E7C025A8EA4E0022DB99 = {
						CreatedOnToolsVersion = 12.3;
						TestTargetID = CB50E7A425A8EA480022DB99;
					};
				};
			};
			buildConfigurationList = CB50E7A025A8EA480022DB99 /* Build configuration list for PBXProject "FavoriteThingsSwiftUI2" */;
			compatibilityVersion = "Xcode 9.3";
			developmentRegion = en;
			hasScannedForEncodings = 0;
			knownRegions = (
				en,
				Base,
			);
			mainGroup = CB50E79C25A8EA480022DB99;
			productRefGroup = CB50E7A625A8EA480022DB99 /* Products */;
			projectDirPath = "";
			projectRoot = "";
			targets = (
				CB50E7A425A8EA480022DB99 /* FavoriteThingsSwiftUI2 */,
				CB50E7B525A8EA4E0022DB99 /* FavoriteThingsSwiftUI2Tests */,
				CB50E7C025A8EA4E0022DB99 /* FavoriteThingsSwiftUI2UITests */,
			);
		};
/* End PBXProject section */

/* Begin PBXResourcesBuildPhase section */
		CB50E7A325A8EA480022DB99 /* Resources */ = {
			isa = PBXResourcesBuildPhase;
			buildActionMask = 2147483647;
			files = (
				CB50E7B025A8EA4D0022DB99 /* Preview Assets.xcassets in Resources */,
				CB50E7AD25A8EA4D0022DB99 /* Assets.xcassets in Resources */,
			);
			runOnlyForDeploymentPostprocessing = 0;
		};
		CB50E7B425A8EA4E0022DB99 /* Resources */ = {
			isa = PBXResourcesBuildPhase;
			buildActionMask = 2147483647;
			files = (
			);
			runOnlyForDeploymentPostprocessing = 0;
		};
		CB50E7BF25A8EA4E0022DB99 /* Resources */ = {
			isa = PBXResourcesBuildPhase;
			buildActionMask = 2147483647;
			files = (
			);
			runOnlyForDeploymentPostprocessing = 0;
		};
/* End PBXResourcesBuildPhase section */

/* Begin PBXSourcesBuildPhase section */
		CB50E7A125A8EA480022DB99 /* Sources */ = {
			isa = PBXSourcesBuildPhase;
			buildActionMask = 2147483647;
			files = (
				CB50E7AB25A8EA490022DB99 /* ContentView.swift in Sources */,
				CB0634DA25ACC45300E49F82 /* ThingDetailView.swift in Sources */,
				CB0634D525ACC3C700E49F82 /* booksView.swift in Sources */,
				CB0634DF25ACC71500E49F82 /* ContentViewReal.swift in Sources */,
				CB0634EA25ACDEA600E49F82 /* Thing.swift in Sources */,
				CB0634F225ACE06300E49F82 /* Things.swift in Sources */,
				CB50E7A925A8EA480022DB99 /* FavoriteThingsSwiftUI2App.swift in Sources */,
			);
			runOnlyForDeploymentPostprocessing = 0;
		};
		CB50E7B225A8EA4E0022DB99 /* Sources */ = {
			isa = PBXSourcesBuildPhase;
			buildActionMask = 2147483647;
			files = (
				CB50E7BB25A8EA4E0022DB99 /* FavoriteThingsSwiftUI2Tests.swift in Sources */,
			);
			runOnlyForDeploymentPostprocessing = 0;
		};
		CB50E7BD25A8EA4E0022DB99 /* Sources */ = {
			isa = PBXSourcesBuildPhase;
			buildActionMask = 2147483647;
			files = (
				CB50E7C625A8EA4E0022DB99 /* FavoriteThingsSwiftUI2UITests.swift in Sources */,
			);
			runOnlyForDeploymentPostprocessing = 0;
		};
/* End PBXSourcesBuildPhase section */

/* Begin PBXTargetDependency section */
		CB50E7B825A8EA4E0022DB99 /* PBXTargetDependency */ = {
			isa = PBXTargetDependency;
			target = CB50E7A425A8EA480022DB99 /* FavoriteThingsSwiftUI2 */;
			targetProxy = CB50E7B725A8EA4E0022DB99 /* PBXContainerItemProxy */;
		};
		CB50E7C325A8EA4E0022DB99 /* PBXTargetDependency */ = {
			isa = PBXTargetDependency;
			target = CB50E7A425A8EA480022DB99 /* FavoriteThingsSwiftUI2 */;
			targetProxy = CB50E7C225A8EA4E0022DB99 /* PBXContainerItemProxy */;
		};
/* End PBXTargetDependency section */

/* Begin XCBuildConfiguration section */
		CB50E7C825A8EA4E0022DB99 /* Debug */ = {
			isa = XCBuildConfiguration;
			buildSettings = {
				ALWAYS_SEARCH_USER_PATHS = NO;
				CLANG_ANALYZER_NONNULL = YES;
				CLANG_ANALYZER_NUMBER_OBJECT_CONVERSION = YES_AGGRESSIVE;
				CLANG_CXX_LANGUAGE_STANDARD = "gnu++14";
				CLANG_CXX_LIBRARY = "libc++";
				CLANG_ENABLE_MODULES = YES;
				CLANG_ENABLE_OBJC_ARC = YES;
				CLANG_ENABLE_OBJC_WEAK = YES;
				CLANG_WARN_BLOCK_CAPTURE_AUTORELEASING = YES;
				CLANG_WARN_BOOL_CONVERSION = YES;
				CLANG_WARN_COMMA = YES;
				CLANG_WARN_CONSTANT_CONVERSION = YES;
				CLANG_WARN_DEPRECATED_OBJC_IMPLEMENTATIONS = YES;
				CLANG_WARN_DIRECT_OBJC_ISA_USAGE = YES_ERROR;
				CLANG_WARN_DOCUMENTATION_COMMENTS = YES;
				CLANG_WARN_EMPTY_BODY = YES;
				CLANG_WARN_ENUM_CONVERSION = YES;
				CLANG_WARN_INFINITE_RECURSION = YES;
				CLANG_WARN_INT_CONVERSION = YES;
				CLANG_WARN_NON_LITERAL_NULL_CONVERSION = YES;
				CLANG_WARN_OBJC_IMPLICIT_RETAIN_SELF = YES;
				CLANG_WARN_OBJC_LITERAL_CONVERSION = YES;
				CLANG_WARN_OBJC_ROOT_CLASS = YES_ERROR;
				CLANG_WARN_QUOTED_INCLUDE_IN_FRAMEWORK_HEADER = YES;
				CLANG_WARN_RANGE_LOOP_ANALYSIS = YES;
				CLANG_WARN_STRICT_PROTOTYPES = YES;
				CLANG_WARN_SUSPICIOUS_MOVE = YES;
				CLANG_WARN_UNGUARDED_AVAILABILITY = YES_AGGRESSIVE;
				CLANG_WARN_UNREACHABLE_CODE = YES;
				CLANG_WARN__DUPLICATE_METHOD_MATCH = YES;
				COPY_PHASE_STRIP = NO;
				DEBUG_INFORMATION_FORMAT = dwarf;
				ENABLE_STRICT_OBJC_MSGSEND = YES;
				ENABLE_TESTABILITY = YES;
				GCC_C_LANGUAGE_STANDARD = gnu11;
				GCC_DYNAMIC_NO_PIC = NO;
				GCC_NO_COMMON_BLOCKS = YES;
				GCC_OPTIMIZATION_LEVEL = 0;
				GCC_PREPROCESSOR_DEFINITIONS = (
					"DEBUG=1",
					"$(inherited)",
				);
				GCC_WARN_64_TO_32_BIT_CONVERSION = YES;
				GCC_WARN_ABOUT_RETURN_TYPE = YES_ERROR;
				GCC_WARN_UNDECLARED_SELECTOR = YES;
				GCC_WARN_UNINITIALIZED_AUTOS = YES_AGGRESSIVE;
				GCC_WARN_UNUSED_FUNCTION = YES;
				GCC_WARN_UNUSED_VARIABLE = YES;
				IPHONEOS_DEPLOYMENT_TARGET = 14.3;
				MTL_ENABLE_DEBUG_INFO = INCLUDE_SOURCE;
				MTL_FAST_MATH = YES;
				ONLY_ACTIVE_ARCH = YES;
				SDKROOT = iphoneos;
				SWIFT_ACTIVE_COMPILATION_CONDITIONS = DEBUG;
				SWIFT_OPTIMIZATION_LEVEL = "-Onone";
			};
			name = Debug;
		};
		CB50E7C925A8EA4E0022DB99 /* Release */ = {
			isa = XCBuildConfiguration;
			buildSettings = {
				ALWAYS_SEARCH_USER_PATHS = NO;
				CLANG_ANALYZER_NONNULL = YES;
				CLANG_ANALYZER_NUMBER_OBJECT_CONVERSION = YES_AGGRESSIVE;
				CLANG_CXX_LANGUAGE_STANDARD = "gnu++14";
				CLANG_CXX_LIBRARY = "libc++";
				CLANG_ENABLE_MODULES = YES;
				CLANG_ENABLE_OBJC_ARC = YES;
				CLANG_ENABLE_OBJC_WEAK = YES;
				CLANG_WARN_BLOCK_CAPTURE_AUTORELEASING = YES;
				CLANG_WARN_BOOL_CONVERSION = YES;
				CLANG_WARN_COMMA = YES;
				CLANG_WARN_CONSTANT_CONVERSION = YES;
				CLANG_WARN_DEPRECATED_OBJC_IMPLEMENTATIONS = YES;
				CLANG_WARN_DIRECT_OBJC_ISA_USAGE = YES_ERROR;
				CLANG_WARN_DOCUMENTATION_COMMENTS = YES;
				CLANG_WARN_EMPTY_BODY = YES;
				CLANG_WARN_ENUM_CONVERSION = YES;
				CLANG_WARN_INFINITE_RECURSION = YES;
				CLANG_WARN_INT_CONVERSION = YES;
				CLANG_WARN_NON_LITERAL_NULL_CONVERSION = YES;
				CLANG_WARN_OBJC_IMPLICIT_RETAIN_SELF = YES;
				CLANG_WARN_OBJC_LITERAL_CONVERSION = YES;
				CLANG_WARN_OBJC_ROOT_CLASS = YES_ERROR;
				CLANG_WARN_QUOTED_INCLUDE_IN_FRAMEWORK_HEADER = YES;
				CLANG_WARN_RANGE_LOOP_ANALYSIS = YES;
				CLANG_WARN_STRICT_PROTOTYPES = YES;
				CLANG_WARN_SUSPICIOUS_MOVE = YES;
				CLANG_WARN_UNGUARDED_AVAILABILITY = YES_AGGRESSIVE;
				CLANG_WARN_UNREACHABLE_CODE = YES;
				CLANG_WARN__DUPLICATE_METHOD_MATCH = YES;
				COPY_PHASE_STRIP = NO;
				DEBUG_INFORMATION_FORMAT = "dwarf-with-dsym";
				ENABLE_NS_ASSERTIONS = NO;
				ENABLE_STRICT_OBJC_MSGSEND = YES;
				GCC_C_LANGUAGE_STANDARD = gnu11;
				GCC_NO_COMMON_BLOCKS = YES;
				GCC_WARN_64_TO_32_BIT_CONVERSION = YES;
				GCC_WARN_ABOUT_RETURN_TYPE = YES_ERROR;
				GCC_WARN_UNDECLARED_SELECTOR = YES;
				GCC_WARN_UNINITIALIZED_AUTOS = YES_AGGRESSIVE;
				GCC_WARN_UNUSED_FUNCTION = YES;
				GCC_WARN_UNUSED_VARIABLE = YES;
				IPHONEOS_DEPLOYMENT_TARGET = 14.3;
				MTL_ENABLE_DEBUG_INFO = NO;
				MTL_FAST_MATH = YES;
				SDKROOT = iphoneos;
				SWIFT_COMPILATION_MODE = wholemodule;
				SWIFT_OPTIMIZATION_LEVEL = "-O";
				VALIDATE_PRODUCT = YES;
			};
			name = Release;
		};
		CB50E7CB25A8EA4E0022DB99 /* Debug */ = {
			isa = XCBuildConfiguration;
			buildSettings = {
				ASSETCATALOG_COMPILER_APPICON_NAME = AppIcon;
				ASSETCATALOG_COMPILER_GLOBAL_ACCENT_COLOR_NAME = AccentColor;
				CODE_SIGN_STYLE = Automatic;
				DEVELOPMENT_ASSET_PATHS = "\"FavoriteThingsSwiftUI2/Preview Content\"";
				DEVELOPMENT_TEAM = 8NQTCN3DXT;
				ENABLE_PREVIEWS = YES;
				INFOPLIST_FILE = FavoriteThingsSwiftUI2/Info.plist;
				IPHONEOS_DEPLOYMENT_TARGET = 14.0;
				LD_RUNPATH_SEARCH_PATHS = (
					"$(inherited)",
					"@executable_path/Frameworks",
				);
				PRODUCT_BUNDLE_IDENTIFIER = ca.aidan.melville.FavoriteThingsSwiftUI2;
				PRODUCT_NAME = "$(TARGET_NAME)";
				SWIFT_VERSION = 5.0;
				TARGETED_DEVICE_FAMILY = "1,2";
			};
			name = Debug;
		};
		CB50E7CC25A8EA4E0022DB99 /* Release */ = {
			isa = XCBuildConfiguration;
			buildSettings = {
				ASSETCATALOG_COMPILER_APPICON_NAME = AppIcon;
				ASSETCATALOG_COMPILER_GLOBAL_ACCENT_COLOR_NAME = AccentColor;
				CODE_SIGN_STYLE = Automatic;
				DEVELOPMENT_ASSET_PATHS = "\"FavoriteThingsSwiftUI2/Preview Content\"";
				DEVELOPMENT_TEAM = 8NQTCN3DXT;
				ENABLE_PREVIEWS = YES;
				INFOPLIST_FILE = FavoriteThingsSwiftUI2/Info.plist;
				IPHONEOS_DEPLOYMENT_TARGET = 14.0;
				LD_RUNPATH_SEARCH_PATHS = (
					"$(inherited)",
					"@executable_path/Frameworks",
				);
				PRODUCT_BUNDLE_IDENTIFIER = ca.aidan.melville.FavoriteThingsSwiftUI2;
				PRODUCT_NAME = "$(TARGET_NAME)";
				SWIFT_VERSION = 5.0;
				TARGETED_DEVICE_FAMILY = "1,2";
			};
			name = Release;
		};
		CB50E7CE25A8EA4E0022DB99 /* Debug */ = {
			isa = XCBuildConfiguration;
			buildSettings = {
				ALWAYS_EMBED_SWIFT_STANDARD_LIBRARIES = YES;
				BUNDLE_LOADER = "$(TEST_HOST)";
				CODE_SIGN_STYLE = Automatic;
				DEVELOPMENT_TEAM = 8NQTCN3DXT;
				INFOPLIST_FILE = FavoriteThingsSwiftUI2Tests/Info.plist;
				IPHONEOS_DEPLOYMENT_TARGET = 14.0;
				LD_RUNPATH_SEARCH_PATHS = (
					"$(inherited)",
					"@executable_path/Frameworks",
					"@loader_path/Frameworks",
				);
				PRODUCT_BUNDLE_IDENTIFIER = ca.aidan.melville.FavoriteThingsSwiftUI2Tests;
				PRODUCT_NAME = "$(TARGET_NAME)";
				SWIFT_VERSION = 5.0;
				TARGETED_DEVICE_FAMILY = "1,2";
				TEST_HOST = "$(BUILT_PRODUCTS_DIR)/FavoriteThingsSwiftUI2.app/FavoriteThingsSwiftUI2";
			};
			name = Debug;
		};
		CB50E7CF25A8EA4E0022DB99 /* Release */ = {
			isa = XCBuildConfiguration;
			buildSettings = {
				ALWAYS_EMBED_SWIFT_STANDARD_LIBRARIES = YES;
				BUNDLE_LOADER = "$(TEST_HOST)";
				CODE_SIGN_STYLE = Automatic;
				DEVELOPMENT_TEAM = 8NQTCN3DXT;
				INFOPLIST_FILE = FavoriteThingsSwiftUI2Tests/Info.plist;
				IPHONEOS_DEPLOYMENT_TARGET = 14.0;
				LD_RUNPATH_SEARCH_PATHS = (
					"$(inherited)",
					"@executable_path/Frameworks",
					"@loader_path/Frameworks",
				);
				PRODUCT_BUNDLE_IDENTIFIER = ca.aidan.melville.FavoriteThingsSwiftUI2Tests;
				PRODUCT_NAME = "$(TARGET_NAME)";
				SWIFT_VERSION = 5.0;
				TARGETED_DEVICE_FAMILY = "1,2";
				TEST_HOST = "$(BUILT_PRODUCTS_DIR)/FavoriteThingsSwiftUI2.app/FavoriteThingsSwiftUI2";
			};
			name = Release;
		};
		CB50E7D125A8EA4E0022DB99 /* Debug */ = {
			isa = XCBuildConfiguration;
			buildSettings = {
				ALWAYS_EMBED_SWIFT_STANDARD_LIBRARIES = YES;
				CODE_SIGN_STYLE = Automatic;
				DEVELOPMENT_TEAM = 8NQTCN3DXT;
				INFOPLIST_FILE = FavoriteThingsSwiftUI2UITests/Info.plist;
				LD_RUNPATH_SEARCH_PATHS = (
					"$(inherited)",
					"@executable_path/Frameworks",
					"@loader_path/Frameworks",
				);
				PRODUCT_BUNDLE_IDENTIFIER = ca.aidan.melville.FavoriteThingsSwiftUI2UITests;
				PRODUCT_NAME = "$(TARGET_NAME)";
				SWIFT_VERSION = 5.0;
				TARGETED_DEVICE_FAMILY = "1,2";
				TEST_TARGET_NAME = FavoriteThingsSwiftUI2;
			};
			name = Debug;
		};
		CB50E7D225A8EA4E0022DB99 /* Release */ = {
			isa = XCBuildConfiguration;
			buildSettings = {
				ALWAYS_EMBED_SWIFT_STANDARD_LIBRARIES = YES;
				CODE_SIGN_STYLE = Automatic;
				DEVELOPMENT_TEAM = 8NQTCN3DXT;
				INFOPLIST_FILE = FavoriteThingsSwiftUI2UITests/Info.plist;
				LD_RUNPATH_SEARCH_PATHS = (
					"$(inherited)",
					"@executable_path/Frameworks",
					"@loader_path/Frameworks",
				);
				PRODUCT_BUNDLE_IDENTIFIER = ca.aidan.melville.FavoriteThingsSwiftUI2UITests;
				PRODUCT_NAME = "$(TARGET_NAME)";
				SWIFT_VERSION = 5.0;
				TARGETED_DEVICE_FAMILY = "1,2";
				TEST_TARGET_NAME = FavoriteThingsSwiftUI2;
			};
			name = Release;
		};
/* End XCBuildConfiguration section */

/* Begin XCConfigurationList section */
		CB50E7A025A8EA480022DB99 /* Build configuration list for PBXProject "FavoriteThingsSwiftUI2" */ = {
			isa = XCConfigurationList;
			buildConfigurations = (
				CB50E7C825A8EA4E0022DB99 /* Debug */,
				CB50E7C925A8EA4E0022DB99 /* Release */,
			);
			defaultConfigurationIsVisible = 0;
			defaultConfigurationName = Release;
		};
		CB50E7CA25A8EA4E0022DB99 /* Build configuration list for PBXNativeTarget "FavoriteThingsSwiftUI2" */ = {
			isa = XCConfigurationList;
			buildConfigurations = (
				CB50E7CB25A8EA4E0022DB99 /* Debug */,
				CB50E7CC25A8EA4E0022DB99 /* Release */,
			);
			defaultConfigurationIsVisible = 0;
			defaultConfigurationName = Release;
		};
		CB50E7CD25A8EA4E0022DB99 /* Build configuration list for PBXNativeTarget "FavoriteThingsSwiftUI2Tests" */ = {
			isa = XCConfigurationList;
			buildConfigurations = (
				CB50E7CE25A8EA4E0022DB99 /* Debug */,
				CB50E7CF25A8EA4E0022DB99 /* Release */,
			);
			defaultConfigurationIsVisible = 0;
			defaultConfigurationName = Release;
		};
		CB50E7D025A8EA4E0022DB99 /* Build configuration list for PBXNativeTarget "FavoriteThingsSwiftUI2UITests" */ = {
			isa = XCConfigurationList;
			buildConfigurations = (
				CB50E7D125A8EA4E0022DB99 /* Debug */,
				CB50E7D225A8EA4E0022DB99 /* Release */,
			);
			defaultConfigurationIsVisible = 0;
			defaultConfigurationName = Release;
		};
/* End XCConfigurationList section */
	};
	rootObject = CB50E79D25A8EA480022DB99 /* Project object */;
}
